
Microsoft Visual Studio Solution File, Format Version 12.00
# Visual Studio Version 17
VisualStudioVersion = 17.14.36705.20 d17.14
MinimumVisualStudioVersion = 10.0.40219.1
Project("{FAE04EC0-301F-11D3-BF4B-00C04F79EFBC}") = "uploader_image", "uploader_image\uploader_image.csproj", "{BD16CE75-4D61-44F3-B134-CC54CF613B2D}"
EndProject
Global
	GlobalSection(SolutionConfigurationPlatforms) = preSolution
		Debug|Any CPU = Debug|Any CPU
		Release|Any CPU = Release|Any CPU
	EndGlobalSection
	GlobalSection(ProjectConfigurationPlatforms) = postSolution
		{BD16CE75-4D61-44F3-B134-CC54CF613B2D}.Debug|Any CPU.ActiveCfg = Debug|Any CPU
		{BD16CE75-4D61-44F3-B134-CC54CF613B2D}.Debug|Any CPU.Build.0 = Debug|Any CPU
		{BD16CE75-4D61-44F3-B134-CC54CF613B2D}.Release|Any CPU.ActiveCfg = Release|Any CPU
		{BD16CE75-4D61-44F3-B134-CC54CF613B2D}.Release|Any CPU.Build.0 = Release|Any CPU
	EndGlobalSection
	GlobalSection(SolutionProperties) = preSolution
		HideSolutionNode = FALSE
	EndGlobalSection
	GlobalSection(ExtensibilityGlobals) = postSolution
		SolutionGuid = {0FF8D3B9-8471-4F6F-94A0-D026719F7B06}
	EndGlobalSection
EndGlobal
